
Microsoft Visual Studio Solution File, Format Version 12.00
# Visual Studio Version 17
VisualStudioVersion = 17.2.32616.157
MinimumVisualStudioVersion = 10.0.40219.1
Project("{FAE04EC0-301F-11D3-BF4B-00C04F79EFBC}") = "01.BaristaContest", "01.BaristaContest\01.BaristaContest.csproj", "{B1719B7C-F544-4194-8E12-B0AD3C3D89A8}"
EndProject
Project("{FAE04EC0-301F-11D3-BF4B-00C04F79EFBC}") = "02.HelpAMole", "02.HelpAMole\02.HelpAMole.csproj", "{EB554168-FCFD-4B44-96A8-B0D7336A8784}"
EndProject
Project("{9A19103F-16F7-4668-BE54-9A1E7A4F7556}") = "03.Basketball", "03.Basketball\03.Basketball.csproj", "{E18DF951-5F55-4A5A-9C72-1AAFFD8DF9A2}"
EndProject
Project("{FAE04EC0-301F-11D3-BF4B-00C04F79EFBC}") = "01.Barista3.1", "01.Barista3.1\01.Barista3.1.csproj", "{6D4B0982-CEB3-4FD3-8103-691DBB6867D2}"
EndProject
Project("{FAE04EC0-301F-11D3-BF4B-00C04F79EFBC}") = "02.HelpAMole3.1", "02.HelpAMole3.1\02.HelpAMole3.1.csproj", "{A7BBD343-0022-4C41-923A-F4FC73D5042D}"
EndProject
Global
	GlobalSection(SolutionConfigurationPlatforms) = preSolution
		Debug|Any CPU = Debug|Any CPU
		Release|Any CPU = Release|Any CPU
	EndGlobalSection
	GlobalSection(ProjectConfigurationPlatforms) = postSolution
		{B1719B7C-F544-4194-8E12-B0AD3C3D89A8}.Debug|Any CPU.ActiveCfg = Debug|Any CPU
		{B1719B7C-F544-4194-8E12-B0AD3C3D89A8}.Debug|Any CPU.Build.0 = Debug|Any CPU
		{B1719B7C-F544-4194-8E12-B0AD3C3D89A8}.Release|Any CPU.ActiveCfg = Release|Any CPU
		{B1719B7C-F544-4194-8E12-B0AD3C3D89A8}.Release|Any CPU.Build.0 = Release|Any CPU
		{EB554168-FCFD-4B44-96A8-B0D7336A8784}.Debug|Any CPU.ActiveCfg = Debug|Any CPU
		{EB554168-FCFD-4B44-96A8-B0D7336A8784}.Debug|Any CPU.Build.0 = Debug|Any CPU
		{EB554168-FCFD-4B44-96A8-B0D7336A8784}.Release|Any CPU.ActiveCfg = Release|Any CPU
		{EB554168-FCFD-4B44-96A8-B0D7336A8784}.Release|Any CPU.Build.0 = Release|Any CPU
		{E18DF951-5F55-4A5A-9C72-1AAFFD8DF9A2}.Debug|Any CPU.ActiveCfg = Debug|Any CPU
		{E18DF951-5F55-4A5A-9C72-1AAFFD8DF9A2}.Debug|Any CPU.Build.0 = Debug|Any CPU
		{E18DF951-5F55-4A5A-9C72-1AAFFD8DF9A2}.Release|Any CPU.ActiveCfg = Release|Any CPU
		{E18DF951-5F55-4A5A-9C72-1AAFFD8DF9A2}.Release|Any CPU.Build.0 = Release|Any CPU
		{6D4B0982-CEB3-4FD3-8103-691DBB6867D2}.Debug|Any CPU.ActiveCfg = Debug|Any CPU
		{6D4B0982-CEB3-4FD3-8103-691DBB6867D2}.Debug|Any CPU.Build.0 = Debug|Any CPU
		{6D4B0982-CEB3-4FD3-8103-691DBB6867D2}.Release|Any CPU.ActiveCfg = Release|Any CPU
		{6D4B0982-CEB3-4FD3-8103-691DBB6867D2}.Release|Any CPU.Build.0 = Release|Any CPU
		{A7BBD343-0022-4C41-923A-F4FC73D5042D}.Debug|Any CPU.ActiveCfg = Debug|Any CPU
		{A7BBD343-0022-4C41-923A-F4FC73D5042D}.Debug|Any CPU.Build.0 = Debug|Any CPU
		{A7BBD343-0022-4C41-923A-F4FC73D5042D}.Release|Any CPU.ActiveCfg = Release|Any CPU
		{A7BBD343-0022-4C41-923A-F4FC73D5042D}.Release|Any CPU.Build.0 = Release|Any CPU
	EndGlobalSection
	GlobalSection(SolutionProperties) = preSolution
		HideSolutionNode = FALSE
	EndGlobalSection
	GlobalSection(ExtensibilityGlobals) = postSolution
		SolutionGuid = {26106765-ECD8-4BF7-97CD-A6891E5A7AEB}
	EndGlobalSection
EndGlobal
