
Microsoft Visual Studio Solution File, Format Version 12.00
# Visual Studio Version 17
VisualStudioVersion = 17.2.32616.157
MinimumVisualStudioVersion = 10.0.40219.1
Project("{FAE04EC0-301F-11D3-BF4B-00C04F79EFBC}") = "07.VendingMachine", "07.VendingMachine\07.VendingMachine.csproj", "{3B349964-0255-499E-8A98-106204B41F2A}"
EndProject
Project("{FAE04EC0-301F-11D3-BF4B-00C04F79EFBC}") = "10.RageExpenses", "10.RageExpenses\10.RageExpenses.csproj", "{6C65B4DE-37D6-4E0E-9B07-0A192FBD013A}"
EndProject
Project("{FAE04EC0-301F-11D3-BF4B-00C04F79EFBC}") = "11.Orders", "11.Orders\11.Orders.csproj", "{159E779A-151A-4233-A3F9-06C1B7C388F6}"
EndProject
Project("{FAE04EC0-301F-11D3-BF4B-00C04F79EFBC}") = "08.TriangleOfNumbers", "08.TriangleOfNumbers\08.TriangleOfNumbers.csproj", "{EEBFFF01-4EBF-4BF2-87DB-16662853154F}"
EndProject
Project("{FAE04EC0-301F-11D3-BF4B-00C04F79EFBC}") = "05.Login", "05.Login\05.Login.csproj", "{8E3E935B-A0F6-48CE-8B11-243E241D57CF}"
EndProject
Global
	GlobalSection(SolutionConfigurationPlatforms) = preSolution
		Debug|Any CPU = Debug|Any CPU
		Release|Any CPU = Release|Any CPU
	EndGlobalSection
	GlobalSection(ProjectConfigurationPlatforms) = postSolution
		{3B349964-0255-499E-8A98-106204B41F2A}.Debug|Any CPU.ActiveCfg = Debug|Any CPU
		{3B349964-0255-499E-8A98-106204B41F2A}.Debug|Any CPU.Build.0 = Debug|Any CPU
		{3B349964-0255-499E-8A98-106204B41F2A}.Release|Any CPU.ActiveCfg = Release|Any CPU
		{3B349964-0255-499E-8A98-106204B41F2A}.Release|Any CPU.Build.0 = Release|Any CPU
		{6C65B4DE-37D6-4E0E-9B07-0A192FBD013A}.Debug|Any CPU.ActiveCfg = Debug|Any CPU
		{6C65B4DE-37D6-4E0E-9B07-0A192FBD013A}.Debug|Any CPU.Build.0 = Debug|Any CPU
		{6C65B4DE-37D6-4E0E-9B07-0A192FBD013A}.Release|Any CPU.ActiveCfg = Release|Any CPU
		{6C65B4DE-37D6-4E0E-9B07-0A192FBD013A}.Release|Any CPU.Build.0 = Release|Any CPU
		{159E779A-151A-4233-A3F9-06C1B7C388F6}.Debug|Any CPU.ActiveCfg = Debug|Any CPU
		{159E779A-151A-4233-A3F9-06C1B7C388F6}.Debug|Any CPU.Build.0 = Debug|Any CPU
		{159E779A-151A-4233-A3F9-06C1B7C388F6}.Release|Any CPU.ActiveCfg = Release|Any CPU
		{159E779A-151A-4233-A3F9-06C1B7C388F6}.Release|Any CPU.Build.0 = Release|Any CPU
		{EEBFFF01-4EBF-4BF2-87DB-16662853154F}.Debug|Any CPU.ActiveCfg = Debug|Any CPU
		{EEBFFF01-4EBF-4BF2-87DB-16662853154F}.Debug|Any CPU.Build.0 = Debug|Any CPU
		{EEBFFF01-4EBF-4BF2-87DB-16662853154F}.Release|Any CPU.ActiveCfg = Release|Any CPU
		{EEBFFF01-4EBF-4BF2-87DB-16662853154F}.Release|Any CPU.Build.0 = Release|Any CPU
		{8E3E935B-A0F6-48CE-8B11-243E241D57CF}.Debug|Any CPU.ActiveCfg = Debug|Any CPU
		{8E3E935B-A0F6-48CE-8B11-243E241D57CF}.Debug|Any CPU.Build.0 = Debug|Any CPU
		{8E3E935B-A0F6-48CE-8B11-243E241D57CF}.Release|Any CPU.ActiveCfg = Release|Any CPU
		{8E3E935B-A0F6-48CE-8B11-243E241D57CF}.Release|Any CPU.Build.0 = Release|Any CPU
	EndGlobalSection
	GlobalSection(SolutionProperties) = preSolution
		HideSolutionNode = FALSE
	EndGlobalSection
	GlobalSection(ExtensibilityGlobals) = postSolution
		SolutionGuid = {AD596BB7-DAD7-41AC-86A2-148E7BFF040C}
	EndGlobalSection
EndGlobal
