
Microsoft Visual Studio Solution File, Format Version 12.00
# Visual Studio Version 17
VisualStudioVersion = 17.2.32616.157
MinimumVisualStudioVersion = 10.0.40219.1
Project("{FAE04EC0-301F-11D3-BF4B-00C04F79EFBC}") = "13.HolidaysBetweenTwoDates", "13.HolidaysBetweenTwoDates\13.HolidaysBetweenTwoDates.csproj", "{B91B5A7E-221F-49F2-9265-941F47DC29E8}"
EndProject
Global
	GlobalSection(SolutionConfigurationPlatforms) = preSolution
		Debug|Any CPU = Debug|Any CPU
		Release|Any CPU = Release|Any CPU
	EndGlobalSection
	GlobalSection(ProjectConfigurationPlatforms) = postSolution
		{B91B5A7E-221F-49F2-9265-941F47DC29E8}.Debug|Any CPU.ActiveCfg = Debug|Any CPU
		{B91B5A7E-221F-49F2-9265-941F47DC29E8}.Debug|Any CPU.Build.0 = Debug|Any CPU
		{B91B5A7E-221F-49F2-9265-941F47DC29E8}.Release|Any CPU.ActiveCfg = Release|Any CPU
		{B91B5A7E-221F-49F2-9265-941F47DC29E8}.Release|Any CPU.Build.0 = Release|Any CPU
	EndGlobalSection
	GlobalSection(SolutionProperties) = preSolution
		HideSolutionNode = FALSE
	EndGlobalSection
	GlobalSection(ExtensibilityGlobals) = postSolution
		SolutionGuid = {A88069F1-B905-4345-9B8D-5D107ADA0FCA}
	EndGlobalSection
EndGlobal
