
Microsoft Visual Studio Solution File, Format Version 12.00
# Visual Studio Version 17
VisualStudioVersion = 17.2.32616.157
MinimumVisualStudioVersion = 10.0.40219.1
Project("{9A19103F-16F7-4668-BE54-9A1E7A4F7556}") = "01.SquareRoot", "01.SquareRoot\01.SquareRoot.csproj", "{ECB370B5-966E-4C00-AA8A-D59E6F411EE8}"
EndProject
Project("{9A19103F-16F7-4668-BE54-9A1E7A4F7556}") = "01.SquareRootSimpleSolution", "01.SquareRootSimpleSolution\01.SquareRootSimpleSolution.csproj", "{042AA249-680A-4818-AB15-B5F72A5B81FD}"
EndProject
Project("{9A19103F-16F7-4668-BE54-9A1E7A4F7556}") = "02.EnterNumbers", "02.EnterNumbers\02.EnterNumbers.csproj", "{B6F572EF-9E86-4408-BF4D-8230F160A740}"
EndProject
Project("{9A19103F-16F7-4668-BE54-9A1E7A4F7556}") = "03.Cards", "03.Cards\03.Cards.csproj", "{F075F371-707F-4417-8272-A2DE3928AD31}"
EndProject
Project("{9A19103F-16F7-4668-BE54-9A1E7A4F7556}") = "04.SumOfIntegers", "04.SumOfIntegers\04.SumOfIntegers.csproj", "{FC300417-F3A8-405F-BC8F-F9DE7D7A2250}"
EndProject
Project("{9A19103F-16F7-4668-BE54-9A1E7A4F7556}") = "05.PlayCatch", "05PlayCatch\05.PlayCatch.csproj", "{7C2B94DD-5927-469B-9EA5-43D471FB9742}"
EndProject
Project("{9A19103F-16F7-4668-BE54-9A1E7A4F7556}") = "06.MoneyTransactions", "Test\06.MoneyTransactions.csproj", "{70DDF2F1-C708-46D5-9450-580BB44D7D6A}"
EndProject
Global
	GlobalSection(SolutionConfigurationPlatforms) = preSolution
		Debug|Any CPU = Debug|Any CPU
		Release|Any CPU = Release|Any CPU
	EndGlobalSection
	GlobalSection(ProjectConfigurationPlatforms) = postSolution
		{ECB370B5-966E-4C00-AA8A-D59E6F411EE8}.Debug|Any CPU.ActiveCfg = Debug|Any CPU
		{ECB370B5-966E-4C00-AA8A-D59E6F411EE8}.Debug|Any CPU.Build.0 = Debug|Any CPU
		{ECB370B5-966E-4C00-AA8A-D59E6F411EE8}.Release|Any CPU.ActiveCfg = Release|Any CPU
		{ECB370B5-966E-4C00-AA8A-D59E6F411EE8}.Release|Any CPU.Build.0 = Release|Any CPU
		{042AA249-680A-4818-AB15-B5F72A5B81FD}.Debug|Any CPU.ActiveCfg = Debug|Any CPU
		{042AA249-680A-4818-AB15-B5F72A5B81FD}.Debug|Any CPU.Build.0 = Debug|Any CPU
		{042AA249-680A-4818-AB15-B5F72A5B81FD}.Release|Any CPU.ActiveCfg = Release|Any CPU
		{042AA249-680A-4818-AB15-B5F72A5B81FD}.Release|Any CPU.Build.0 = Release|Any CPU
		{B6F572EF-9E86-4408-BF4D-8230F160A740}.Debug|Any CPU.ActiveCfg = Debug|Any CPU
		{B6F572EF-9E86-4408-BF4D-8230F160A740}.Debug|Any CPU.Build.0 = Debug|Any CPU
		{B6F572EF-9E86-4408-BF4D-8230F160A740}.Release|Any CPU.ActiveCfg = Release|Any CPU
		{B6F572EF-9E86-4408-BF4D-8230F160A740}.Release|Any CPU.Build.0 = Release|Any CPU
		{F075F371-707F-4417-8272-A2DE3928AD31}.Debug|Any CPU.ActiveCfg = Debug|Any CPU
		{F075F371-707F-4417-8272-A2DE3928AD31}.Debug|Any CPU.Build.0 = Debug|Any CPU
		{F075F371-707F-4417-8272-A2DE3928AD31}.Release|Any CPU.ActiveCfg = Release|Any CPU
		{F075F371-707F-4417-8272-A2DE3928AD31}.Release|Any CPU.Build.0 = Release|Any CPU
		{FC300417-F3A8-405F-BC8F-F9DE7D7A2250}.Debug|Any CPU.ActiveCfg = Debug|Any CPU
		{FC300417-F3A8-405F-BC8F-F9DE7D7A2250}.Debug|Any CPU.Build.0 = Debug|Any CPU
		{FC300417-F3A8-405F-BC8F-F9DE7D7A2250}.Release|Any CPU.ActiveCfg = Release|Any CPU
		{FC300417-F3A8-405F-BC8F-F9DE7D7A2250}.Release|Any CPU.Build.0 = Release|Any CPU
		{7C2B94DD-5927-469B-9EA5-43D471FB9742}.Debug|Any CPU.ActiveCfg = Debug|Any CPU
		{7C2B94DD-5927-469B-9EA5-43D471FB9742}.Debug|Any CPU.Build.0 = Debug|Any CPU
		{7C2B94DD-5927-469B-9EA5-43D471FB9742}.Release|Any CPU.ActiveCfg = Release|Any CPU
		{7C2B94DD-5927-469B-9EA5-43D471FB9742}.Release|Any CPU.Build.0 = Release|Any CPU
		{70DDF2F1-C708-46D5-9450-580BB44D7D6A}.Debug|Any CPU.ActiveCfg = Debug|Any CPU
		{70DDF2F1-C708-46D5-9450-580BB44D7D6A}.Debug|Any CPU.Build.0 = Debug|Any CPU
		{70DDF2F1-C708-46D5-9450-580BB44D7D6A}.Release|Any CPU.ActiveCfg = Release|Any CPU
		{70DDF2F1-C708-46D5-9450-580BB44D7D6A}.Release|Any CPU.Build.0 = Release|Any CPU
	EndGlobalSection
	GlobalSection(SolutionProperties) = preSolution
		HideSolutionNode = FALSE
	EndGlobalSection
	GlobalSection(ExtensibilityGlobals) = postSolution
		SolutionGuid = {76B641D2-B2B8-4950-BA7D-094D6346D854}
	EndGlobalSection
EndGlobal
