
Microsoft Visual Studio Solution File, Format Version 12.00
# Visual Studio Version 17
VisualStudioVersion = 17.2.32616.157
MinimumVisualStudioVersion = 10.0.40219.1
Project("{9A19103F-16F7-4668-BE54-9A1E7A4F7556}") = "01.RecursiveArraySum", "01.RecursiveArraySum\01.RecursiveArraySum.csproj", "{E13C42B6-FBAF-4EBB-8B66-D22BB4375162}"
EndProject
Project("{9A19103F-16F7-4668-BE54-9A1E7A4F7556}") = "02.RecursiveFactorial", "02.RecursiveFactorial\02.RecursiveFactorial.csproj", "{9A4F1E7E-A43C-48FE-990D-7DE91B3CAFAB}"
EndProject
Project("{9A19103F-16F7-4668-BE54-9A1E7A4F7556}") = "03.SumOfCoins", "03.SumOfCoins\03.SumOfCoins.csproj", "{6702C548-9C9E-42AE-9AC5-64B5209A1EFE}"
EndProject
Project("{9A19103F-16F7-4668-BE54-9A1E7A4F7556}") = "04.SetCover", "04.SetCover\04.SetCover.csproj", "{F9096C60-4547-4879-BC35-DB30ED106045}"
EndProject
Project("{9A19103F-16F7-4668-BE54-9A1E7A4F7556}") = "05.MergeSort", "05.MergeSort\05.MergeSort.csproj", "{3A737B9C-FB81-4F7E-A120-FD27F7309EE0}"
EndProject
Project("{9A19103F-16F7-4668-BE54-9A1E7A4F7556}") = "06.QuickSort", "06.QuickSort\06.QuickSort.csproj", "{9E81FFBC-35B2-4EF5-89A6-B747AC31E564}"
EndProject
Project("{9A19103F-16F7-4668-BE54-9A1E7A4F7556}") = "07.BinarySearch", "07.BinarySearch\07.BinarySearch.csproj", "{189C5CD4-BCF5-40A1-8ADD-0EB3F5FA98E3}"
EndProject
Project("{FAE04EC0-301F-11D3-BF4B-00C04F79EFBC}") = "06.QuickSortSoftUniInplementation", "06.QuickSortSoftUniInplementation\06.QuickSortSoftUniInplementation.csproj", "{6EB079EB-D86C-4EC5-92FD-CA78F18DE40D}"
EndProject
Global
	GlobalSection(SolutionConfigurationPlatforms) = preSolution
		Debug|Any CPU = Debug|Any CPU
		Release|Any CPU = Release|Any CPU
	EndGlobalSection
	GlobalSection(ProjectConfigurationPlatforms) = postSolution
		{E13C42B6-FBAF-4EBB-8B66-D22BB4375162}.Debug|Any CPU.ActiveCfg = Debug|Any CPU
		{E13C42B6-FBAF-4EBB-8B66-D22BB4375162}.Debug|Any CPU.Build.0 = Debug|Any CPU
		{E13C42B6-FBAF-4EBB-8B66-D22BB4375162}.Release|Any CPU.ActiveCfg = Release|Any CPU
		{E13C42B6-FBAF-4EBB-8B66-D22BB4375162}.Release|Any CPU.Build.0 = Release|Any CPU
		{9A4F1E7E-A43C-48FE-990D-7DE91B3CAFAB}.Debug|Any CPU.ActiveCfg = Debug|Any CPU
		{9A4F1E7E-A43C-48FE-990D-7DE91B3CAFAB}.Debug|Any CPU.Build.0 = Debug|Any CPU
		{9A4F1E7E-A43C-48FE-990D-7DE91B3CAFAB}.Release|Any CPU.ActiveCfg = Release|Any CPU
		{9A4F1E7E-A43C-48FE-990D-7DE91B3CAFAB}.Release|Any CPU.Build.0 = Release|Any CPU
		{6702C548-9C9E-42AE-9AC5-64B5209A1EFE}.Debug|Any CPU.ActiveCfg = Debug|Any CPU
		{6702C548-9C9E-42AE-9AC5-64B5209A1EFE}.Debug|Any CPU.Build.0 = Debug|Any CPU
		{6702C548-9C9E-42AE-9AC5-64B5209A1EFE}.Release|Any CPU.ActiveCfg = Release|Any CPU
		{6702C548-9C9E-42AE-9AC5-64B5209A1EFE}.Release|Any CPU.Build.0 = Release|Any CPU
		{F9096C60-4547-4879-BC35-DB30ED106045}.Debug|Any CPU.ActiveCfg = Debug|Any CPU
		{F9096C60-4547-4879-BC35-DB30ED106045}.Debug|Any CPU.Build.0 = Debug|Any CPU
		{F9096C60-4547-4879-BC35-DB30ED106045}.Release|Any CPU.ActiveCfg = Release|Any CPU
		{F9096C60-4547-4879-BC35-DB30ED106045}.Release|Any CPU.Build.0 = Release|Any CPU
		{3A737B9C-FB81-4F7E-A120-FD27F7309EE0}.Debug|Any CPU.ActiveCfg = Debug|Any CPU
		{3A737B9C-FB81-4F7E-A120-FD27F7309EE0}.Debug|Any CPU.Build.0 = Debug|Any CPU
		{3A737B9C-FB81-4F7E-A120-FD27F7309EE0}.Release|Any CPU.ActiveCfg = Release|Any CPU
		{3A737B9C-FB81-4F7E-A120-FD27F7309EE0}.Release|Any CPU.Build.0 = Release|Any CPU
		{9E81FFBC-35B2-4EF5-89A6-B747AC31E564}.Debug|Any CPU.ActiveCfg = Debug|Any CPU
		{9E81FFBC-35B2-4EF5-89A6-B747AC31E564}.Debug|Any CPU.Build.0 = Debug|Any CPU
		{9E81FFBC-35B2-4EF5-89A6-B747AC31E564}.Release|Any CPU.ActiveCfg = Release|Any CPU
		{9E81FFBC-35B2-4EF5-89A6-B747AC31E564}.Release|Any CPU.Build.0 = Release|Any CPU
		{189C5CD4-BCF5-40A1-8ADD-0EB3F5FA98E3}.Debug|Any CPU.ActiveCfg = Debug|Any CPU
		{189C5CD4-BCF5-40A1-8ADD-0EB3F5FA98E3}.Debug|Any CPU.Build.0 = Debug|Any CPU
		{189C5CD4-BCF5-40A1-8ADD-0EB3F5FA98E3}.Release|Any CPU.ActiveCfg = Release|Any CPU
		{189C5CD4-BCF5-40A1-8ADD-0EB3F5FA98E3}.Release|Any CPU.Build.0 = Release|Any CPU
		{6EB079EB-D86C-4EC5-92FD-CA78F18DE40D}.Debug|Any CPU.ActiveCfg = Debug|Any CPU
		{6EB079EB-D86C-4EC5-92FD-CA78F18DE40D}.Debug|Any CPU.Build.0 = Debug|Any CPU
		{6EB079EB-D86C-4EC5-92FD-CA78F18DE40D}.Release|Any CPU.ActiveCfg = Release|Any CPU
		{6EB079EB-D86C-4EC5-92FD-CA78F18DE40D}.Release|Any CPU.Build.0 = Release|Any CPU
	EndGlobalSection
	GlobalSection(SolutionProperties) = preSolution
		HideSolutionNode = FALSE
	EndGlobalSection
	GlobalSection(ExtensibilityGlobals) = postSolution
		SolutionGuid = {A945CD10-7110-4ECF-8CB9-98022A987E3B}
	EndGlobalSection
EndGlobal
