
Microsoft Visual Studio Solution File, Format Version 12.00
# Visual Studio Version 17
VisualStudioVersion = 17.2.32616.157
MinimumVisualStudioVersion = 10.0.40219.1
Project("{9A19103F-16F7-4668-BE54-9A1E7A4F7556}") = "PlanetWars", "PlanetWars.csproj", "{C9B9ED4E-993A-463F-9166-02EFAEA47FE6}"
EndProject
Global
	GlobalSection(SolutionConfigurationPlatforms) = preSolution
		Debug|Any CPU = Debug|Any CPU
		Release|Any CPU = Release|Any CPU
	EndGlobalSection
	GlobalSection(ProjectConfigurationPlatforms) = postSolution
		{C9B9ED4E-993A-463F-9166-02EFAEA47FE6}.Debug|Any CPU.ActiveCfg = Debug|Any CPU
		{C9B9ED4E-993A-463F-9166-02EFAEA47FE6}.Debug|Any CPU.Build.0 = Debug|Any CPU
		{C9B9ED4E-993A-463F-9166-02EFAEA47FE6}.Release|Any CPU.ActiveCfg = Release|Any CPU
		{C9B9ED4E-993A-463F-9166-02EFAEA47FE6}.Release|Any CPU.Build.0 = Release|Any CPU
	EndGlobalSection
	GlobalSection(SolutionProperties) = preSolution
		HideSolutionNode = FALSE
	EndGlobalSection
	GlobalSection(ExtensibilityGlobals) = postSolution
		SolutionGuid = {548B2C23-5843-4EE0-ADC0-10113B38DF9E}
	EndGlobalSection
EndGlobal
