
Microsoft Visual Studio Solution File, Format Version 12.00
# Visual Studio Version 17
VisualStudioVersion = 17.2.32616.157
MinimumVisualStudioVersion = 10.0.40219.1
Project("{9A19103F-16F7-4668-BE54-9A1E7A4F7556}") = "01.BakeryShop", "01.BakeryShop\01.BakeryShop.csproj", "{BDA8F9B0-4C48-4E0E-8BD7-53CB291D548B}"
EndProject
Project("{FAE04EC0-301F-11D3-BF4B-00C04F79EFBC}") = "03.FishingNet", "03.FishingProblem\03.FishingNet.csproj", "{D10C1B3C-7D8D-4DD6-A48E-D3F90E162E47}"
EndProject
Project("{FAE04EC0-301F-11D3-BF4B-00C04F79EFBC}") = "02.BeaverAtWork", "02.BeaverAtWork\02.BeaverAtWork.csproj", "{1DB29F3B-C549-4738-AC4A-3921E60F49A9}"
EndProject
Global
	GlobalSection(SolutionConfigurationPlatforms) = preSolution
		Debug|Any CPU = Debug|Any CPU
		Release|Any CPU = Release|Any CPU
	EndGlobalSection
	GlobalSection(ProjectConfigurationPlatforms) = postSolution
		{BDA8F9B0-4C48-4E0E-8BD7-53CB291D548B}.Debug|Any CPU.ActiveCfg = Debug|Any CPU
		{BDA8F9B0-4C48-4E0E-8BD7-53CB291D548B}.Debug|Any CPU.Build.0 = Debug|Any CPU
		{BDA8F9B0-4C48-4E0E-8BD7-53CB291D548B}.Release|Any CPU.ActiveCfg = Release|Any CPU
		{BDA8F9B0-4C48-4E0E-8BD7-53CB291D548B}.Release|Any CPU.Build.0 = Release|Any CPU
		{D10C1B3C-7D8D-4DD6-A48E-D3F90E162E47}.Debug|Any CPU.ActiveCfg = Debug|Any CPU
		{D10C1B3C-7D8D-4DD6-A48E-D3F90E162E47}.Debug|Any CPU.Build.0 = Debug|Any CPU
		{D10C1B3C-7D8D-4DD6-A48E-D3F90E162E47}.Release|Any CPU.ActiveCfg = Release|Any CPU
		{D10C1B3C-7D8D-4DD6-A48E-D3F90E162E47}.Release|Any CPU.Build.0 = Release|Any CPU
		{1DB29F3B-C549-4738-AC4A-3921E60F49A9}.Debug|Any CPU.ActiveCfg = Debug|Any CPU
		{1DB29F3B-C549-4738-AC4A-3921E60F49A9}.Debug|Any CPU.Build.0 = Debug|Any CPU
		{1DB29F3B-C549-4738-AC4A-3921E60F49A9}.Release|Any CPU.ActiveCfg = Release|Any CPU
		{1DB29F3B-C549-4738-AC4A-3921E60F49A9}.Release|Any CPU.Build.0 = Release|Any CPU
	EndGlobalSection
	GlobalSection(SolutionProperties) = preSolution
		HideSolutionNode = FALSE
	EndGlobalSection
	GlobalSection(ExtensibilityGlobals) = postSolution
		SolutionGuid = {BC2D75F7-40BE-44CD-B96D-A27831E9C481}
	EndGlobalSection
EndGlobal
