
Microsoft Visual Studio Solution File, Format Version 12.00
# Visual Studio Version 17
VisualStudioVersion = 17.2.32616.157
MinimumVisualStudioVersion = 10.0.40219.1
Project("{FAE04EC0-301F-11D3-BF4B-00C04F79EFBC}") = "ConsoleApp1", "ConsoleApp1\ConsoleApp1.csproj", "{9A3D5BF0-6E0A-4480-B9DB-354BC817F45F}"
EndProject
Project("{FAE04EC0-301F-11D3-BF4B-00C04F79EFBC}") = "02.MaidenParty", "02.MaidenParty\02.MaidenParty.csproj", "{F4CF505D-81BA-405C-B393-18A766C88FD2}"
EndProject
Project("{FAE04EC0-301F-11D3-BF4B-00C04F79EFBC}") = "03.SantasHoliday", "03.SantasHoliday\03.SantasHoliday.csproj", "{C8F5617F-40C8-4753-B82B-805938A6D1C4}"
EndProject
Project("{FAE04EC0-301F-11D3-BF4B-00C04F79EFBC}") = "04.Exam", "04.Exam\04.Exam.csproj", "{5204EC99-CFA3-4474-A044-D7C08D61FA34}"
EndProject
Project("{FAE04EC0-301F-11D3-BF4B-00C04F79EFBC}") = "05.BestPlayer", "05.BestPlayer\05.BestPlayer.csproj", "{7EEDC9B6-7820-4511-A61D-7254DD8B5055}"
EndProject
Project("{FAE04EC0-301F-11D3-BF4B-00C04F79EFBC}") = "06.Substitute", "06.Substitute\06.Substitute.csproj", "{7C771006-4CAD-4167-A886-D349D19CAE9C}"
EndProject
Global
	GlobalSection(SolutionConfigurationPlatforms) = preSolution
		Debug|Any CPU = Debug|Any CPU
		Release|Any CPU = Release|Any CPU
	EndGlobalSection
	GlobalSection(ProjectConfigurationPlatforms) = postSolution
		{9A3D5BF0-6E0A-4480-B9DB-354BC817F45F}.Debug|Any CPU.ActiveCfg = Debug|Any CPU
		{9A3D5BF0-6E0A-4480-B9DB-354BC817F45F}.Debug|Any CPU.Build.0 = Debug|Any CPU
		{9A3D5BF0-6E0A-4480-B9DB-354BC817F45F}.Release|Any CPU.ActiveCfg = Release|Any CPU
		{9A3D5BF0-6E0A-4480-B9DB-354BC817F45F}.Release|Any CPU.Build.0 = Release|Any CPU
		{F4CF505D-81BA-405C-B393-18A766C88FD2}.Debug|Any CPU.ActiveCfg = Debug|Any CPU
		{F4CF505D-81BA-405C-B393-18A766C88FD2}.Debug|Any CPU.Build.0 = Debug|Any CPU
		{F4CF505D-81BA-405C-B393-18A766C88FD2}.Release|Any CPU.ActiveCfg = Release|Any CPU
		{F4CF505D-81BA-405C-B393-18A766C88FD2}.Release|Any CPU.Build.0 = Release|Any CPU
		{C8F5617F-40C8-4753-B82B-805938A6D1C4}.Debug|Any CPU.ActiveCfg = Debug|Any CPU
		{C8F5617F-40C8-4753-B82B-805938A6D1C4}.Debug|Any CPU.Build.0 = Debug|Any CPU
		{C8F5617F-40C8-4753-B82B-805938A6D1C4}.Release|Any CPU.ActiveCfg = Release|Any CPU
		{C8F5617F-40C8-4753-B82B-805938A6D1C4}.Release|Any CPU.Build.0 = Release|Any CPU
		{5204EC99-CFA3-4474-A044-D7C08D61FA34}.Debug|Any CPU.ActiveCfg = Debug|Any CPU
		{5204EC99-CFA3-4474-A044-D7C08D61FA34}.Debug|Any CPU.Build.0 = Debug|Any CPU
		{5204EC99-CFA3-4474-A044-D7C08D61FA34}.Release|Any CPU.ActiveCfg = Release|Any CPU
		{5204EC99-CFA3-4474-A044-D7C08D61FA34}.Release|Any CPU.Build.0 = Release|Any CPU
		{7EEDC9B6-7820-4511-A61D-7254DD8B5055}.Debug|Any CPU.ActiveCfg = Debug|Any CPU
		{7EEDC9B6-7820-4511-A61D-7254DD8B5055}.Debug|Any CPU.Build.0 = Debug|Any CPU
		{7EEDC9B6-7820-4511-A61D-7254DD8B5055}.Release|Any CPU.ActiveCfg = Release|Any CPU
		{7EEDC9B6-7820-4511-A61D-7254DD8B5055}.Release|Any CPU.Build.0 = Release|Any CPU
		{7C771006-4CAD-4167-A886-D349D19CAE9C}.Debug|Any CPU.ActiveCfg = Debug|Any CPU
		{7C771006-4CAD-4167-A886-D349D19CAE9C}.Debug|Any CPU.Build.0 = Debug|Any CPU
		{7C771006-4CAD-4167-A886-D349D19CAE9C}.Release|Any CPU.ActiveCfg = Release|Any CPU
		{7C771006-4CAD-4167-A886-D349D19CAE9C}.Release|Any CPU.Build.0 = Release|Any CPU
	EndGlobalSection
	GlobalSection(SolutionProperties) = preSolution
		HideSolutionNode = FALSE
	EndGlobalSection
	GlobalSection(ExtensibilityGlobals) = postSolution
		SolutionGuid = {9DB39F16-6081-4FED-8155-AFF2F9A06A5C}
	EndGlobalSection
EndGlobal
