
Microsoft Visual Studio Solution File, Format Version 12.00
# Visual Studio Version 17
VisualStudioVersion = 17.2.32616.157
MinimumVisualStudioVersion = 10.0.40219.1
Project("{9A19103F-16F7-4668-BE54-9A1E7A4F7556}") = "01.Furniture", "01.Furniture\01.Furniture.csproj", "{DB3CAE49-8D11-4ACE-82BE-4E025C798BE6}"
EndProject
Project("{9A19103F-16F7-4668-BE54-9A1E7A4F7556}") = "02.Race", "02.Race\02.Race.csproj", "{57BED612-1EC3-4D58-8C9F-487A13B74256}"
EndProject
Project("{9A19103F-16F7-4668-BE54-9A1E7A4F7556}") = "03.SoftUniBarIncome", "03.SoftUniBarIncome\03.SoftUniBarIncome.csproj", "{26BDC912-283C-4C9C-8C0D-1341946E3D2D}"
EndProject
Project("{9A19103F-16F7-4668-BE54-9A1E7A4F7556}") = "04.StarEnigma", "04.StarEnigma\04.StarEnigma.csproj", "{7421BE83-E812-46B2-B97F-B86747184DD3}"
EndProject
Project("{9A19103F-16F7-4668-BE54-9A1E7A4F7556}") = "05.NetherRealms", "05.NetherRealms\05.NetherRealms.csproj", "{B5ABD477-7B39-4156-B355-6CDD81C1628B}"
EndProject
Project("{9A19103F-16F7-4668-BE54-9A1E7A4F7556}") = "06.ExtractEmails", "06.ExtractEmails\06.ExtractEmails.csproj", "{65E5D83C-7572-4B9B-B3B1-CDDEB0C5ADC4}"
EndProject
Project("{FAE04EC0-301F-11D3-BF4B-00C04F79EFBC}") = "04.StarEnigmaDifferentSolution", "04.StarEnigmaDifferentSolution\04.StarEnigmaDifferentSolution.csproj", "{A6DA2B74-D783-4449-AA73-B15EF76DB2B4}"
EndProject
Global
	GlobalSection(SolutionConfigurationPlatforms) = preSolution
		Debug|Any CPU = Debug|Any CPU
		Release|Any CPU = Release|Any CPU
	EndGlobalSection
	GlobalSection(ProjectConfigurationPlatforms) = postSolution
		{DB3CAE49-8D11-4ACE-82BE-4E025C798BE6}.Debug|Any CPU.ActiveCfg = Debug|Any CPU
		{DB3CAE49-8D11-4ACE-82BE-4E025C798BE6}.Debug|Any CPU.Build.0 = Debug|Any CPU
		{DB3CAE49-8D11-4ACE-82BE-4E025C798BE6}.Release|Any CPU.ActiveCfg = Release|Any CPU
		{DB3CAE49-8D11-4ACE-82BE-4E025C798BE6}.Release|Any CPU.Build.0 = Release|Any CPU
		{57BED612-1EC3-4D58-8C9F-487A13B74256}.Debug|Any CPU.ActiveCfg = Debug|Any CPU
		{57BED612-1EC3-4D58-8C9F-487A13B74256}.Debug|Any CPU.Build.0 = Debug|Any CPU
		{57BED612-1EC3-4D58-8C9F-487A13B74256}.Release|Any CPU.ActiveCfg = Release|Any CPU
		{57BED612-1EC3-4D58-8C9F-487A13B74256}.Release|Any CPU.Build.0 = Release|Any CPU
		{26BDC912-283C-4C9C-8C0D-1341946E3D2D}.Debug|Any CPU.ActiveCfg = Debug|Any CPU
		{26BDC912-283C-4C9C-8C0D-1341946E3D2D}.Debug|Any CPU.Build.0 = Debug|Any CPU
		{26BDC912-283C-4C9C-8C0D-1341946E3D2D}.Release|Any CPU.ActiveCfg = Release|Any CPU
		{26BDC912-283C-4C9C-8C0D-1341946E3D2D}.Release|Any CPU.Build.0 = Release|Any CPU
		{7421BE83-E812-46B2-B97F-B86747184DD3}.Debug|Any CPU.ActiveCfg = Debug|Any CPU
		{7421BE83-E812-46B2-B97F-B86747184DD3}.Debug|Any CPU.Build.0 = Debug|Any CPU
		{7421BE83-E812-46B2-B97F-B86747184DD3}.Release|Any CPU.ActiveCfg = Release|Any CPU
		{7421BE83-E812-46B2-B97F-B86747184DD3}.Release|Any CPU.Build.0 = Release|Any CPU
		{B5ABD477-7B39-4156-B355-6CDD81C1628B}.Debug|Any CPU.ActiveCfg = Debug|Any CPU
		{B5ABD477-7B39-4156-B355-6CDD81C1628B}.Debug|Any CPU.Build.0 = Debug|Any CPU
		{B5ABD477-7B39-4156-B355-6CDD81C1628B}.Release|Any CPU.ActiveCfg = Release|Any CPU
		{B5ABD477-7B39-4156-B355-6CDD81C1628B}.Release|Any CPU.Build.0 = Release|Any CPU
		{65E5D83C-7572-4B9B-B3B1-CDDEB0C5ADC4}.Debug|Any CPU.ActiveCfg = Debug|Any CPU
		{65E5D83C-7572-4B9B-B3B1-CDDEB0C5ADC4}.Debug|Any CPU.Build.0 = Debug|Any CPU
		{65E5D83C-7572-4B9B-B3B1-CDDEB0C5ADC4}.Release|Any CPU.ActiveCfg = Release|Any CPU
		{65E5D83C-7572-4B9B-B3B1-CDDEB0C5ADC4}.Release|Any CPU.Build.0 = Release|Any CPU
		{A6DA2B74-D783-4449-AA73-B15EF76DB2B4}.Debug|Any CPU.ActiveCfg = Debug|Any CPU
		{A6DA2B74-D783-4449-AA73-B15EF76DB2B4}.Debug|Any CPU.Build.0 = Debug|Any CPU
		{A6DA2B74-D783-4449-AA73-B15EF76DB2B4}.Release|Any CPU.ActiveCfg = Release|Any CPU
		{A6DA2B74-D783-4449-AA73-B15EF76DB2B4}.Release|Any CPU.Build.0 = Release|Any CPU
	EndGlobalSection
	GlobalSection(SolutionProperties) = preSolution
		HideSolutionNode = FALSE
	EndGlobalSection
	GlobalSection(ExtensibilityGlobals) = postSolution
		SolutionGuid = {0575B9A1-7220-4455-AD57-BAC6E79730B3}
	EndGlobalSection
EndGlobal
