
Microsoft Visual Studio Solution File, Format Version 12.00
# Visual Studio Version 17
VisualStudioVersion = 17.2.32616.157
MinimumVisualStudioVersion = 10.0.40219.1
Project("{9A19103F-16F7-4668-BE54-9A1E7A4F7556}") = "01.SumSeconds", "01.SumSeconds\01.SumSeconds.csproj", "{7FCFC025-59AA-46BA-A089-E0ABDB75A7B1}"
EndProject
Project("{9A19103F-16F7-4668-BE54-9A1E7A4F7556}") = "02.BonusScore", "02.BonusScore\02.BonusScore.csproj", "{F4BEAEF0-E65F-42E1-A43A-3EF3E75C3F48}"
EndProject
Project("{FAE04EC0-301F-11D3-BF4B-00C04F79EFBC}") = "03.Time+15 Minutes", "03.Time+15 Minutes\03.Time+15 Minutes.csproj", "{B9FDC3E5-BC4C-4206-903C-63A96FE7F9B1}"
EndProject
Project("{FAE04EC0-301F-11D3-BF4B-00C04F79EFBC}") = "04.ToyShop", "04.ToyShop\04.ToyShop.csproj", "{D7F40D0E-4DC1-4687-8699-16F26B4C73E7}"
EndProject
Project("{FAE04EC0-301F-11D3-BF4B-00C04F79EFBC}") = "05.Godzillavs.Kong", "05.Godzillavs.Kong\05.Godzillavs.Kong.csproj", "{63C04DA9-9E0E-49FC-B0F2-40045A2852A1}"
EndProject
Project("{FAE04EC0-301F-11D3-BF4B-00C04F79EFBC}") = "06. World Swimming Record", "06. World Swimming Record\06. World Swimming Record.csproj", "{6FD0754D-6653-4062-9108-D1DD7B218C51}"
EndProject
Project("{FAE04EC0-301F-11D3-BF4B-00C04F79EFBC}") = "07. Shopping", "07. Shopping\07. Shopping.csproj", "{201E4896-39A7-4A68-80B3-F8BE2C69F6F4}"
EndProject
Project("{FAE04EC0-301F-11D3-BF4B-00C04F79EFBC}") = "08.LunchBreak", "08.LunchBreak\08.LunchBreak.csproj", "{4D76589B-3046-4081-938F-601BEFC05F9F}"
EndProject
Global
	GlobalSection(SolutionConfigurationPlatforms) = preSolution
		Debug|Any CPU = Debug|Any CPU
		Release|Any CPU = Release|Any CPU
	EndGlobalSection
	GlobalSection(ProjectConfigurationPlatforms) = postSolution
		{7FCFC025-59AA-46BA-A089-E0ABDB75A7B1}.Debug|Any CPU.ActiveCfg = Debug|Any CPU
		{7FCFC025-59AA-46BA-A089-E0ABDB75A7B1}.Debug|Any CPU.Build.0 = Debug|Any CPU
		{7FCFC025-59AA-46BA-A089-E0ABDB75A7B1}.Release|Any CPU.ActiveCfg = Release|Any CPU
		{7FCFC025-59AA-46BA-A089-E0ABDB75A7B1}.Release|Any CPU.Build.0 = Release|Any CPU
		{F4BEAEF0-E65F-42E1-A43A-3EF3E75C3F48}.Debug|Any CPU.ActiveCfg = Debug|Any CPU
		{F4BEAEF0-E65F-42E1-A43A-3EF3E75C3F48}.Debug|Any CPU.Build.0 = Debug|Any CPU
		{F4BEAEF0-E65F-42E1-A43A-3EF3E75C3F48}.Release|Any CPU.ActiveCfg = Release|Any CPU
		{F4BEAEF0-E65F-42E1-A43A-3EF3E75C3F48}.Release|Any CPU.Build.0 = Release|Any CPU
		{B9FDC3E5-BC4C-4206-903C-63A96FE7F9B1}.Debug|Any CPU.ActiveCfg = Debug|Any CPU
		{B9FDC3E5-BC4C-4206-903C-63A96FE7F9B1}.Debug|Any CPU.Build.0 = Debug|Any CPU
		{B9FDC3E5-BC4C-4206-903C-63A96FE7F9B1}.Release|Any CPU.ActiveCfg = Release|Any CPU
		{B9FDC3E5-BC4C-4206-903C-63A96FE7F9B1}.Release|Any CPU.Build.0 = Release|Any CPU
		{D7F40D0E-4DC1-4687-8699-16F26B4C73E7}.Debug|Any CPU.ActiveCfg = Debug|Any CPU
		{D7F40D0E-4DC1-4687-8699-16F26B4C73E7}.Debug|Any CPU.Build.0 = Debug|Any CPU
		{D7F40D0E-4DC1-4687-8699-16F26B4C73E7}.Release|Any CPU.ActiveCfg = Release|Any CPU
		{D7F40D0E-4DC1-4687-8699-16F26B4C73E7}.Release|Any CPU.Build.0 = Release|Any CPU
		{63C04DA9-9E0E-49FC-B0F2-40045A2852A1}.Debug|Any CPU.ActiveCfg = Debug|Any CPU
		{63C04DA9-9E0E-49FC-B0F2-40045A2852A1}.Debug|Any CPU.Build.0 = Debug|Any CPU
		{63C04DA9-9E0E-49FC-B0F2-40045A2852A1}.Release|Any CPU.ActiveCfg = Release|Any CPU
		{63C04DA9-9E0E-49FC-B0F2-40045A2852A1}.Release|Any CPU.Build.0 = Release|Any CPU
		{6FD0754D-6653-4062-9108-D1DD7B218C51}.Debug|Any CPU.ActiveCfg = Debug|Any CPU
		{6FD0754D-6653-4062-9108-D1DD7B218C51}.Debug|Any CPU.Build.0 = Debug|Any CPU
		{6FD0754D-6653-4062-9108-D1DD7B218C51}.Release|Any CPU.ActiveCfg = Release|Any CPU
		{6FD0754D-6653-4062-9108-D1DD7B218C51}.Release|Any CPU.Build.0 = Release|Any CPU
		{201E4896-39A7-4A68-80B3-F8BE2C69F6F4}.Debug|Any CPU.ActiveCfg = Debug|Any CPU
		{201E4896-39A7-4A68-80B3-F8BE2C69F6F4}.Debug|Any CPU.Build.0 = Debug|Any CPU
		{201E4896-39A7-4A68-80B3-F8BE2C69F6F4}.Release|Any CPU.ActiveCfg = Release|Any CPU
		{201E4896-39A7-4A68-80B3-F8BE2C69F6F4}.Release|Any CPU.Build.0 = Release|Any CPU
		{4D76589B-3046-4081-938F-601BEFC05F9F}.Debug|Any CPU.ActiveCfg = Debug|Any CPU
		{4D76589B-3046-4081-938F-601BEFC05F9F}.Debug|Any CPU.Build.0 = Debug|Any CPU
		{4D76589B-3046-4081-938F-601BEFC05F9F}.Release|Any CPU.ActiveCfg = Release|Any CPU
		{4D76589B-3046-4081-938F-601BEFC05F9F}.Release|Any CPU.Build.0 = Release|Any CPU
	EndGlobalSection
	GlobalSection(SolutionProperties) = preSolution
		HideSolutionNode = FALSE
	EndGlobalSection
	GlobalSection(ExtensibilityGlobals) = postSolution
		SolutionGuid = {1F8692DF-282A-41EB-88C6-0B1E67FE60E6}
	EndGlobalSection
EndGlobal
