
Microsoft Visual Studio Solution File, Format Version 12.00
# Visual Studio Version 17
VisualStudioVersion = 17.2.32616.157
MinimumVisualStudioVersion = 10.0.40219.1
Project("{9A19103F-16F7-4668-BE54-9A1E7A4F7556}") = "02.CreatingConstructors", "02.CreatingConstructors\02.CreatingConstructors.csproj", "{9EEEAF40-8240-4015-9CA2-92BA5D00575D}"
EndProject
Project("{9A19103F-16F7-4668-BE54-9A1E7A4F7556}") = "03.OldestFamilyMember", "03.OldestFamilyMember\03.OldestFamilyMember.csproj", "{2ADFDE61-2172-4858-B57E-393A8AD02594}"
EndProject
Project("{9A19103F-16F7-4668-BE54-9A1E7A4F7556}") = "04.OpinionPoll", "04.OpinionPoll\04.OpinionPoll.csproj", "{B3B8AD45-B465-4133-8C30-EEAF2DC537F6}"
EndProject
Project("{9A19103F-16F7-4668-BE54-9A1E7A4F7556}") = "05.DateModifier", "05.DateModifier\05.DateModifier.csproj", "{34C00BDB-A0C2-48EF-AE77-99828A24DD4C}"
EndProject
Project("{9A19103F-16F7-4668-BE54-9A1E7A4F7556}") = "06.SpeedRacing", "06.SpeedRacing\06.SpeedRacing.csproj", "{99D674B0-DF29-4739-BB3A-BAE639EA41FF}"
EndProject
Project("{FAE04EC0-301F-11D3-BF4B-00C04F79EFBC}") = "07.RawData", "07.RawData\07.RawData.csproj", "{68B3D2BF-C294-42D1-B5FA-C122952ADE6E}"
EndProject
Global
	GlobalSection(SolutionConfigurationPlatforms) = preSolution
		Debug|Any CPU = Debug|Any CPU
		Release|Any CPU = Release|Any CPU
	EndGlobalSection
	GlobalSection(ProjectConfigurationPlatforms) = postSolution
		{9EEEAF40-8240-4015-9CA2-92BA5D00575D}.Debug|Any CPU.ActiveCfg = Debug|Any CPU
		{9EEEAF40-8240-4015-9CA2-92BA5D00575D}.Debug|Any CPU.Build.0 = Debug|Any CPU
		{9EEEAF40-8240-4015-9CA2-92BA5D00575D}.Release|Any CPU.ActiveCfg = Release|Any CPU
		{9EEEAF40-8240-4015-9CA2-92BA5D00575D}.Release|Any CPU.Build.0 = Release|Any CPU
		{2ADFDE61-2172-4858-B57E-393A8AD02594}.Debug|Any CPU.ActiveCfg = Debug|Any CPU
		{2ADFDE61-2172-4858-B57E-393A8AD02594}.Debug|Any CPU.Build.0 = Debug|Any CPU
		{2ADFDE61-2172-4858-B57E-393A8AD02594}.Release|Any CPU.ActiveCfg = Release|Any CPU
		{2ADFDE61-2172-4858-B57E-393A8AD02594}.Release|Any CPU.Build.0 = Release|Any CPU
		{B3B8AD45-B465-4133-8C30-EEAF2DC537F6}.Debug|Any CPU.ActiveCfg = Debug|Any CPU
		{B3B8AD45-B465-4133-8C30-EEAF2DC537F6}.Debug|Any CPU.Build.0 = Debug|Any CPU
		{B3B8AD45-B465-4133-8C30-EEAF2DC537F6}.Release|Any CPU.ActiveCfg = Release|Any CPU
		{B3B8AD45-B465-4133-8C30-EEAF2DC537F6}.Release|Any CPU.Build.0 = Release|Any CPU
		{34C00BDB-A0C2-48EF-AE77-99828A24DD4C}.Debug|Any CPU.ActiveCfg = Debug|Any CPU
		{34C00BDB-A0C2-48EF-AE77-99828A24DD4C}.Debug|Any CPU.Build.0 = Debug|Any CPU
		{34C00BDB-A0C2-48EF-AE77-99828A24DD4C}.Release|Any CPU.ActiveCfg = Release|Any CPU
		{34C00BDB-A0C2-48EF-AE77-99828A24DD4C}.Release|Any CPU.Build.0 = Release|Any CPU
		{99D674B0-DF29-4739-BB3A-BAE639EA41FF}.Debug|Any CPU.ActiveCfg = Debug|Any CPU
		{99D674B0-DF29-4739-BB3A-BAE639EA41FF}.Debug|Any CPU.Build.0 = Debug|Any CPU
		{99D674B0-DF29-4739-BB3A-BAE639EA41FF}.Release|Any CPU.ActiveCfg = Release|Any CPU
		{99D674B0-DF29-4739-BB3A-BAE639EA41FF}.Release|Any CPU.Build.0 = Release|Any CPU
		{68B3D2BF-C294-42D1-B5FA-C122952ADE6E}.Debug|Any CPU.ActiveCfg = Debug|Any CPU
		{68B3D2BF-C294-42D1-B5FA-C122952ADE6E}.Debug|Any CPU.Build.0 = Debug|Any CPU
		{68B3D2BF-C294-42D1-B5FA-C122952ADE6E}.Release|Any CPU.ActiveCfg = Release|Any CPU
		{68B3D2BF-C294-42D1-B5FA-C122952ADE6E}.Release|Any CPU.Build.0 = Release|Any CPU
	EndGlobalSection
	GlobalSection(SolutionProperties) = preSolution
		HideSolutionNode = FALSE
	EndGlobalSection
	GlobalSection(ExtensibilityGlobals) = postSolution
		SolutionGuid = {7A76E590-AA8F-4D90-AB58-228E0566E223}
	EndGlobalSection
EndGlobal
