
Microsoft Visual Studio Solution File, Format Version 12.00
# Visual Studio Version 17
VisualStudioVersion = 17.2.32616.157
MinimumVisualStudioVersion = 10.0.40219.1
Project("{FAE04EC0-301F-11D3-BF4B-00C04F79EFBC}") = "03.Parking", "03.Parking\03.Parking.csproj", "{CBB89ABA-2DDA-4BDC-B4E9-7652764BD9BC}"
EndProject
Project("{FAE04EC0-301F-11D3-BF4B-00C04F79EFBC}") = "Parking", "Parking\Parking.csproj", "{020CC66A-B1B4-44EB-97BA-7C7FB50C5D0B}"
EndProject
Project("{FAE04EC0-301F-11D3-BF4B-00C04F79EFBC}") = "02.Snake", "02.Snake\02.Snake.csproj", "{36FEA58B-0307-4303-8CC4-A634ECA055A4}"
EndProject
Global
	GlobalSection(SolutionConfigurationPlatforms) = preSolution
		Debug|Any CPU = Debug|Any CPU
		Release|Any CPU = Release|Any CPU
	EndGlobalSection
	GlobalSection(ProjectConfigurationPlatforms) = postSolution
		{CBB89ABA-2DDA-4BDC-B4E9-7652764BD9BC}.Debug|Any CPU.ActiveCfg = Debug|Any CPU
		{CBB89ABA-2DDA-4BDC-B4E9-7652764BD9BC}.Debug|Any CPU.Build.0 = Debug|Any CPU
		{CBB89ABA-2DDA-4BDC-B4E9-7652764BD9BC}.Release|Any CPU.ActiveCfg = Release|Any CPU
		{CBB89ABA-2DDA-4BDC-B4E9-7652764BD9BC}.Release|Any CPU.Build.0 = Release|Any CPU
		{020CC66A-B1B4-44EB-97BA-7C7FB50C5D0B}.Debug|Any CPU.ActiveCfg = Debug|Any CPU
		{020CC66A-B1B4-44EB-97BA-7C7FB50C5D0B}.Debug|Any CPU.Build.0 = Debug|Any CPU
		{020CC66A-B1B4-44EB-97BA-7C7FB50C5D0B}.Release|Any CPU.ActiveCfg = Release|Any CPU
		{020CC66A-B1B4-44EB-97BA-7C7FB50C5D0B}.Release|Any CPU.Build.0 = Release|Any CPU
		{36FEA58B-0307-4303-8CC4-A634ECA055A4}.Debug|Any CPU.ActiveCfg = Debug|Any CPU
		{36FEA58B-0307-4303-8CC4-A634ECA055A4}.Debug|Any CPU.Build.0 = Debug|Any CPU
		{36FEA58B-0307-4303-8CC4-A634ECA055A4}.Release|Any CPU.ActiveCfg = Release|Any CPU
		{36FEA58B-0307-4303-8CC4-A634ECA055A4}.Release|Any CPU.Build.0 = Release|Any CPU
	EndGlobalSection
	GlobalSection(SolutionProperties) = preSolution
		HideSolutionNode = FALSE
	EndGlobalSection
	GlobalSection(ExtensibilityGlobals) = postSolution
		SolutionGuid = {EBC8D578-B018-4D1C-93A3-346BB5B68EE7}
	EndGlobalSection
EndGlobal
