
Microsoft Visual Studio Solution File, Format Version 12.00
# Visual Studio Version 17
VisualStudioVersion = 17.2.32616.157
MinimumVisualStudioVersion = 10.0.40219.1
Project("{9A19103F-16F7-4668-BE54-9A1E7A4F7556}") = "01.SmallestOfThreeNumbers", "01.SmallestOfThreeNumbers\01.SmallestOfThreeNumbers.csproj", "{E6AEB181-203E-4D55-BD18-304B15E1C662}"
EndProject
Project("{9A19103F-16F7-4668-BE54-9A1E7A4F7556}") = "02.VowelsCount", "02.VowelsCount\02.VowelsCount.csproj", "{2106D7C8-833C-4248-BB1C-C5FE7CF67B40}"
EndProject
Project("{9A19103F-16F7-4668-BE54-9A1E7A4F7556}") = "02.VowelsCountWhitArray", "02.VowelsCountWhitArray\02.VowelsCountWhitArray.csproj", "{9378A28A-081D-448E-87C9-FEC7D9916FBD}"
EndProject
Project("{9A19103F-16F7-4668-BE54-9A1E7A4F7556}") = "03.CharactersInRange", "03.CharactersInRange\03.CharactersInRange.csproj", "{94C06BA0-A5A2-4669-9290-86C245674A5C}"
EndProject
Project("{9A19103F-16F7-4668-BE54-9A1E7A4F7556}") = "04.PasswordValidator", "04.PasswordValidator\04.PasswordValidator.csproj", "{CA778C56-6201-4597-97D8-8D879BD8EAEC}"
EndProject
Project("{9A19103F-16F7-4668-BE54-9A1E7A4F7556}") = "05.AddAndSubtract", "05.AddAndSubtract\05.AddAndSubtract.csproj", "{E829F984-3DE5-44E4-AB02-535EF3526935}"
EndProject
Project("{9A19103F-16F7-4668-BE54-9A1E7A4F7556}") = "06.MiddleCharacters", "06.MiddleCharacters\06.MiddleCharacters.csproj", "{021A2D00-A1A2-465E-B6AC-5A5A6813DF66}"
EndProject
Project("{9A19103F-16F7-4668-BE54-9A1E7A4F7556}") = "07.NxNMatrix", "07.NxNMatrix\07.NxNMatrix.csproj", "{7B2147D3-5B7E-4E21-86FB-3E065436951C}"
EndProject
Project("{9A19103F-16F7-4668-BE54-9A1E7A4F7556}") = "08.FactorialDivisionNew", "08.FactorialDivisionNew\08.FactorialDivisionNew.csproj", "{0D0F97DA-D610-4E87-BF3C-94ECEA78EFAF}"
EndProject
Project("{9A19103F-16F7-4668-BE54-9A1E7A4F7556}") = "09.PalindromeIntegers", "09.PalindromeIntegers\09.PalindromeIntegers.csproj", "{A15EC6CC-62CD-4426-8E35-C06C27D5C7BB}"
EndProject
Project("{9A19103F-16F7-4668-BE54-9A1E7A4F7556}") = "10.TopNumber", "10. Top Number\10.TopNumber.csproj", "{6ABB4C94-F6E4-49B6-A18A-CCCD8C51D7D6}"
EndProject
Project("{FAE04EC0-301F-11D3-BF4B-00C04F79EFBC}") = "11.ArrayManipulator", "11.ArrayManipulator\11.ArrayManipulator.csproj", "{DA4CE860-9F0A-4233-BAAA-B80E485AA68A}"
EndProject
Global
	GlobalSection(SolutionConfigurationPlatforms) = preSolution
		Debug|Any CPU = Debug|Any CPU
		Release|Any CPU = Release|Any CPU
	EndGlobalSection
	GlobalSection(ProjectConfigurationPlatforms) = postSolution
		{E6AEB181-203E-4D55-BD18-304B15E1C662}.Debug|Any CPU.ActiveCfg = Debug|Any CPU
		{E6AEB181-203E-4D55-BD18-304B15E1C662}.Debug|Any CPU.Build.0 = Debug|Any CPU
		{E6AEB181-203E-4D55-BD18-304B15E1C662}.Release|Any CPU.ActiveCfg = Release|Any CPU
		{E6AEB181-203E-4D55-BD18-304B15E1C662}.Release|Any CPU.Build.0 = Release|Any CPU
		{2106D7C8-833C-4248-BB1C-C5FE7CF67B40}.Debug|Any CPU.ActiveCfg = Debug|Any CPU
		{2106D7C8-833C-4248-BB1C-C5FE7CF67B40}.Debug|Any CPU.Build.0 = Debug|Any CPU
		{2106D7C8-833C-4248-BB1C-C5FE7CF67B40}.Release|Any CPU.ActiveCfg = Release|Any CPU
		{2106D7C8-833C-4248-BB1C-C5FE7CF67B40}.Release|Any CPU.Build.0 = Release|Any CPU
		{9378A28A-081D-448E-87C9-FEC7D9916FBD}.Debug|Any CPU.ActiveCfg = Debug|Any CPU
		{9378A28A-081D-448E-87C9-FEC7D9916FBD}.Debug|Any CPU.Build.0 = Debug|Any CPU
		{9378A28A-081D-448E-87C9-FEC7D9916FBD}.Release|Any CPU.ActiveCfg = Release|Any CPU
		{9378A28A-081D-448E-87C9-FEC7D9916FBD}.Release|Any CPU.Build.0 = Release|Any CPU
		{94C06BA0-A5A2-4669-9290-86C245674A5C}.Debug|Any CPU.ActiveCfg = Debug|Any CPU
		{94C06BA0-A5A2-4669-9290-86C245674A5C}.Debug|Any CPU.Build.0 = Debug|Any CPU
		{94C06BA0-A5A2-4669-9290-86C245674A5C}.Release|Any CPU.ActiveCfg = Release|Any CPU
		{94C06BA0-A5A2-4669-9290-86C245674A5C}.Release|Any CPU.Build.0 = Release|Any CPU
		{CA778C56-6201-4597-97D8-8D879BD8EAEC}.Debug|Any CPU.ActiveCfg = Debug|Any CPU
		{CA778C56-6201-4597-97D8-8D879BD8EAEC}.Debug|Any CPU.Build.0 = Debug|Any CPU
		{CA778C56-6201-4597-97D8-8D879BD8EAEC}.Release|Any CPU.ActiveCfg = Release|Any CPU
		{CA778C56-6201-4597-97D8-8D879BD8EAEC}.Release|Any CPU.Build.0 = Release|Any CPU
		{E829F984-3DE5-44E4-AB02-535EF3526935}.Debug|Any CPU.ActiveCfg = Debug|Any CPU
		{E829F984-3DE5-44E4-AB02-535EF3526935}.Debug|Any CPU.Build.0 = Debug|Any CPU
		{E829F984-3DE5-44E4-AB02-535EF3526935}.Release|Any CPU.ActiveCfg = Release|Any CPU
		{E829F984-3DE5-44E4-AB02-535EF3526935}.Release|Any CPU.Build.0 = Release|Any CPU
		{021A2D00-A1A2-465E-B6AC-5A5A6813DF66}.Debug|Any CPU.ActiveCfg = Debug|Any CPU
		{021A2D00-A1A2-465E-B6AC-5A5A6813DF66}.Debug|Any CPU.Build.0 = Debug|Any CPU
		{021A2D00-A1A2-465E-B6AC-5A5A6813DF66}.Release|Any CPU.ActiveCfg = Release|Any CPU
		{021A2D00-A1A2-465E-B6AC-5A5A6813DF66}.Release|Any CPU.Build.0 = Release|Any CPU
		{7B2147D3-5B7E-4E21-86FB-3E065436951C}.Debug|Any CPU.ActiveCfg = Debug|Any CPU
		{7B2147D3-5B7E-4E21-86FB-3E065436951C}.Debug|Any CPU.Build.0 = Debug|Any CPU
		{7B2147D3-5B7E-4E21-86FB-3E065436951C}.Release|Any CPU.ActiveCfg = Release|Any CPU
		{7B2147D3-5B7E-4E21-86FB-3E065436951C}.Release|Any CPU.Build.0 = Release|Any CPU
		{0D0F97DA-D610-4E87-BF3C-94ECEA78EFAF}.Debug|Any CPU.ActiveCfg = Debug|Any CPU
		{0D0F97DA-D610-4E87-BF3C-94ECEA78EFAF}.Debug|Any CPU.Build.0 = Debug|Any CPU
		{0D0F97DA-D610-4E87-BF3C-94ECEA78EFAF}.Release|Any CPU.ActiveCfg = Release|Any CPU
		{0D0F97DA-D610-4E87-BF3C-94ECEA78EFAF}.Release|Any CPU.Build.0 = Release|Any CPU
		{A15EC6CC-62CD-4426-8E35-C06C27D5C7BB}.Debug|Any CPU.ActiveCfg = Debug|Any CPU
		{A15EC6CC-62CD-4426-8E35-C06C27D5C7BB}.Debug|Any CPU.Build.0 = Debug|Any CPU
		{A15EC6CC-62CD-4426-8E35-C06C27D5C7BB}.Release|Any CPU.ActiveCfg = Release|Any CPU
		{A15EC6CC-62CD-4426-8E35-C06C27D5C7BB}.Release|Any CPU.Build.0 = Release|Any CPU
		{6ABB4C94-F6E4-49B6-A18A-CCCD8C51D7D6}.Debug|Any CPU.ActiveCfg = Debug|Any CPU
		{6ABB4C94-F6E4-49B6-A18A-CCCD8C51D7D6}.Debug|Any CPU.Build.0 = Debug|Any CPU
		{6ABB4C94-F6E4-49B6-A18A-CCCD8C51D7D6}.Release|Any CPU.ActiveCfg = Release|Any CPU
		{6ABB4C94-F6E4-49B6-A18A-CCCD8C51D7D6}.Release|Any CPU.Build.0 = Release|Any CPU
		{DA4CE860-9F0A-4233-BAAA-B80E485AA68A}.Debug|Any CPU.ActiveCfg = Debug|Any CPU
		{DA4CE860-9F0A-4233-BAAA-B80E485AA68A}.Debug|Any CPU.Build.0 = Debug|Any CPU
		{DA4CE860-9F0A-4233-BAAA-B80E485AA68A}.Release|Any CPU.ActiveCfg = Release|Any CPU
		{DA4CE860-9F0A-4233-BAAA-B80E485AA68A}.Release|Any CPU.Build.0 = Release|Any CPU
	EndGlobalSection
	GlobalSection(SolutionProperties) = preSolution
		HideSolutionNode = FALSE
	EndGlobalSection
	GlobalSection(ExtensibilityGlobals) = postSolution
		SolutionGuid = {C9DD2BCE-0F14-46EE-8BEE-8938764403E2}
	EndGlobalSection
EndGlobal
