
Microsoft Visual Studio Solution File, Format Version 12.00
# Visual Studio Version 17
VisualStudioVersion = 17.2.32616.157
MinimumVisualStudioVersion = 10.0.40219.1
Project("{9A19103F-16F7-4668-BE54-9A1E7A4F7556}") = "01. USD to BGN", "01. USD to BGN\01. USD to BGN.csproj", "{8EB858A2-80DF-4E18-B7F4-A03AE9CAF5A4}"
EndProject
Project("{FAE04EC0-301F-11D3-BF4B-00C04F79EFBC}") = "02. Radians to Degrees", "02. Radians to Degrees\02. Radians to Degrees.csproj", "{28FF4B8D-AF6D-4C50-BC10-46072F0CB005}"
EndProject
Project("{FAE04EC0-301F-11D3-BF4B-00C04F79EFBC}") = "03. Deposit Calculator", "03. Deposit Calculator\03. Deposit Calculator.csproj", "{640D7DE9-78C1-4391-B26D-637ACEC01FAD}"
EndProject
Project("{FAE04EC0-301F-11D3-BF4B-00C04F79EFBC}") = "04. Vacation Books List", "04. Vacation Books List\04. Vacation Books List.csproj", "{F15F319D-6CF0-4D90-9EE5-51C6673FE066}"
EndProject
Project("{FAE04EC0-301F-11D3-BF4B-00C04F79EFBC}") = "05. Supplies for School", "05. Supplies for School\05. Supplies for School.csproj", "{944A41E2-F010-4F8A-BE41-9D22B1A9BBAC}"
EndProject
Project("{FAE04EC0-301F-11D3-BF4B-00C04F79EFBC}") = "06. Repainting", "06. Repainting\06. Repainting.csproj", "{1D0CB4FA-2791-40D6-9555-919971BD2134}"
EndProject
Project("{FAE04EC0-301F-11D3-BF4B-00C04F79EFBC}") = "07. Food Delivery", "07. Food Delivery\07. Food Delivery.csproj", "{19A4B398-28FF-48FC-A637-D065D83E99DD}"
EndProject
Project("{FAE04EC0-301F-11D3-BF4B-00C04F79EFBC}") = "08. Basketball Equipment", "08. Basketball Equipment\08. Basketball Equipment.csproj", "{21DBB4FC-6395-4833-AA48-B4373D9EB0AD}"
EndProject
Project("{FAE04EC0-301F-11D3-BF4B-00C04F79EFBC}") = "09. Fish Tank", "09. Fish Tank\09. Fish Tank.csproj", "{DB9F9BFA-35B8-40EC-A332-8962540D1350}"
EndProject
Global
	GlobalSection(SolutionConfigurationPlatforms) = preSolution
		Debug|Any CPU = Debug|Any CPU
		Release|Any CPU = Release|Any CPU
	EndGlobalSection
	GlobalSection(ProjectConfigurationPlatforms) = postSolution
		{8EB858A2-80DF-4E18-B7F4-A03AE9CAF5A4}.Debug|Any CPU.ActiveCfg = Debug|Any CPU
		{8EB858A2-80DF-4E18-B7F4-A03AE9CAF5A4}.Debug|Any CPU.Build.0 = Debug|Any CPU
		{8EB858A2-80DF-4E18-B7F4-A03AE9CAF5A4}.Release|Any CPU.ActiveCfg = Release|Any CPU
		{8EB858A2-80DF-4E18-B7F4-A03AE9CAF5A4}.Release|Any CPU.Build.0 = Release|Any CPU
		{28FF4B8D-AF6D-4C50-BC10-46072F0CB005}.Debug|Any CPU.ActiveCfg = Debug|Any CPU
		{28FF4B8D-AF6D-4C50-BC10-46072F0CB005}.Debug|Any CPU.Build.0 = Debug|Any CPU
		{28FF4B8D-AF6D-4C50-BC10-46072F0CB005}.Release|Any CPU.ActiveCfg = Release|Any CPU
		{28FF4B8D-AF6D-4C50-BC10-46072F0CB005}.Release|Any CPU.Build.0 = Release|Any CPU
		{640D7DE9-78C1-4391-B26D-637ACEC01FAD}.Debug|Any CPU.ActiveCfg = Debug|Any CPU
		{640D7DE9-78C1-4391-B26D-637ACEC01FAD}.Debug|Any CPU.Build.0 = Debug|Any CPU
		{640D7DE9-78C1-4391-B26D-637ACEC01FAD}.Release|Any CPU.ActiveCfg = Release|Any CPU
		{640D7DE9-78C1-4391-B26D-637ACEC01FAD}.Release|Any CPU.Build.0 = Release|Any CPU
		{F15F319D-6CF0-4D90-9EE5-51C6673FE066}.Debug|Any CPU.ActiveCfg = Debug|Any CPU
		{F15F319D-6CF0-4D90-9EE5-51C6673FE066}.Debug|Any CPU.Build.0 = Debug|Any CPU
		{F15F319D-6CF0-4D90-9EE5-51C6673FE066}.Release|Any CPU.ActiveCfg = Release|Any CPU
		{F15F319D-6CF0-4D90-9EE5-51C6673FE066}.Release|Any CPU.Build.0 = Release|Any CPU
		{944A41E2-F010-4F8A-BE41-9D22B1A9BBAC}.Debug|Any CPU.ActiveCfg = Debug|Any CPU
		{944A41E2-F010-4F8A-BE41-9D22B1A9BBAC}.Debug|Any CPU.Build.0 = Debug|Any CPU
		{944A41E2-F010-4F8A-BE41-9D22B1A9BBAC}.Release|Any CPU.ActiveCfg = Release|Any CPU
		{944A41E2-F010-4F8A-BE41-9D22B1A9BBAC}.Release|Any CPU.Build.0 = Release|Any CPU
		{1D0CB4FA-2791-40D6-9555-919971BD2134}.Debug|Any CPU.ActiveCfg = Debug|Any CPU
		{1D0CB4FA-2791-40D6-9555-919971BD2134}.Debug|Any CPU.Build.0 = Debug|Any CPU
		{1D0CB4FA-2791-40D6-9555-919971BD2134}.Release|Any CPU.ActiveCfg = Release|Any CPU
		{1D0CB4FA-2791-40D6-9555-919971BD2134}.Release|Any CPU.Build.0 = Release|Any CPU
		{19A4B398-28FF-48FC-A637-D065D83E99DD}.Debug|Any CPU.ActiveCfg = Debug|Any CPU
		{19A4B398-28FF-48FC-A637-D065D83E99DD}.Debug|Any CPU.Build.0 = Debug|Any CPU
		{19A4B398-28FF-48FC-A637-D065D83E99DD}.Release|Any CPU.ActiveCfg = Release|Any CPU
		{19A4B398-28FF-48FC-A637-D065D83E99DD}.Release|Any CPU.Build.0 = Release|Any CPU
		{21DBB4FC-6395-4833-AA48-B4373D9EB0AD}.Debug|Any CPU.ActiveCfg = Debug|Any CPU
		{21DBB4FC-6395-4833-AA48-B4373D9EB0AD}.Debug|Any CPU.Build.0 = Debug|Any CPU
		{21DBB4FC-6395-4833-AA48-B4373D9EB0AD}.Release|Any CPU.ActiveCfg = Release|Any CPU
		{21DBB4FC-6395-4833-AA48-B4373D9EB0AD}.Release|Any CPU.Build.0 = Release|Any CPU
		{DB9F9BFA-35B8-40EC-A332-8962540D1350}.Debug|Any CPU.ActiveCfg = Debug|Any CPU
		{DB9F9BFA-35B8-40EC-A332-8962540D1350}.Debug|Any CPU.Build.0 = Debug|Any CPU
		{DB9F9BFA-35B8-40EC-A332-8962540D1350}.Release|Any CPU.ActiveCfg = Release|Any CPU
		{DB9F9BFA-35B8-40EC-A332-8962540D1350}.Release|Any CPU.Build.0 = Release|Any CPU
	EndGlobalSection
	GlobalSection(SolutionProperties) = preSolution
		HideSolutionNode = FALSE
	EndGlobalSection
	GlobalSection(ExtensibilityGlobals) = postSolution
		SolutionGuid = {AF68848D-F3CC-4B76-8C78-7787E9E2D600}
	EndGlobalSection
EndGlobal
