
Microsoft Visual Studio Solution File, Format Version 12.00
# Visual Studio Version 17
VisualStudioVersion = 17.2.32616.157
MinimumVisualStudioVersion = 10.0.40219.1
Project("{9A19103F-16F7-4668-BE54-9A1E7A4F7556}") = "01.Cinema", "01.Cinema\01.Cinema.csproj", "{E062E04D-9C20-460B-9F98-4CEA8050B28D}"
EndProject
Project("{9A19103F-16F7-4668-BE54-9A1E7A4F7556}") = "02.SummerOutfit", "02.SummerOutfit\02.SummerOutfit.csproj", "{D2AC9CF3-58E5-48DC-9AF0-C8C34A8A97FD}"
EndProject
Project("{9A19103F-16F7-4668-BE54-9A1E7A4F7556}") = "03.NewHouse", "03.NewHouse\03.NewHouse.csproj", "{F06FDB09-A081-4E0C-9971-6436E218AC25}"
EndProject
Project("{FAE04EC0-301F-11D3-BF4B-00C04F79EFBC}") = "04.FishingBoat", "04.FishingBoat\04.FishingBoat.csproj", "{892DB9F7-0370-443B-9F23-1C3717452CC1}"
EndProject
Project("{FAE04EC0-301F-11D3-BF4B-00C04F79EFBC}") = "05.Journey", "05.Journey\05.Journey.csproj", "{F19F1483-D7D8-418A-88BA-24CE48EF5A66}"
EndProject
Project("{FAE04EC0-301F-11D3-BF4B-00C04F79EFBC}") = "06.OperationsBetweenNum", "06.OperationsBetweenNum\06.OperationsBetweenNum.csproj", "{46F24BCB-B999-4EA8-912A-77F3E2AC51BC}"
EndProject
Project("{FAE04EC0-301F-11D3-BF4B-00C04F79EFBC}") = "07.HotelRoom", "07.HotelRoom\07.HotelRoom.csproj", "{C7DB5072-2E75-4343-BA1F-BAD79ECE1160}"
EndProject
Project("{FAE04EC0-301F-11D3-BF4B-00C04F79EFBC}") = "08.OnTimeForTheExam", "08.OnTimeForTheExam\08.OnTimeForTheExam.csproj", "{14C63E18-8BBB-43EB-91AF-37B4D8C39AE0}"
EndProject
Project("{FAE04EC0-301F-11D3-BF4B-00C04F79EFBC}") = "09.SkiTrip", "09.SkiTrip\09.SkiTrip.csproj", "{660CB6B0-D779-4E11-BB9B-98C347455625}"
EndProject
Global
	GlobalSection(SolutionConfigurationPlatforms) = preSolution
		Debug|Any CPU = Debug|Any CPU
		Release|Any CPU = Release|Any CPU
	EndGlobalSection
	GlobalSection(ProjectConfigurationPlatforms) = postSolution
		{E062E04D-9C20-460B-9F98-4CEA8050B28D}.Debug|Any CPU.ActiveCfg = Debug|Any CPU
		{E062E04D-9C20-460B-9F98-4CEA8050B28D}.Debug|Any CPU.Build.0 = Debug|Any CPU
		{E062E04D-9C20-460B-9F98-4CEA8050B28D}.Release|Any CPU.ActiveCfg = Release|Any CPU
		{E062E04D-9C20-460B-9F98-4CEA8050B28D}.Release|Any CPU.Build.0 = Release|Any CPU
		{D2AC9CF3-58E5-48DC-9AF0-C8C34A8A97FD}.Debug|Any CPU.ActiveCfg = Debug|Any CPU
		{D2AC9CF3-58E5-48DC-9AF0-C8C34A8A97FD}.Debug|Any CPU.Build.0 = Debug|Any CPU
		{D2AC9CF3-58E5-48DC-9AF0-C8C34A8A97FD}.Release|Any CPU.ActiveCfg = Release|Any CPU
		{D2AC9CF3-58E5-48DC-9AF0-C8C34A8A97FD}.Release|Any CPU.Build.0 = Release|Any CPU
		{F06FDB09-A081-4E0C-9971-6436E218AC25}.Debug|Any CPU.ActiveCfg = Debug|Any CPU
		{F06FDB09-A081-4E0C-9971-6436E218AC25}.Debug|Any CPU.Build.0 = Debug|Any CPU
		{F06FDB09-A081-4E0C-9971-6436E218AC25}.Release|Any CPU.ActiveCfg = Release|Any CPU
		{F06FDB09-A081-4E0C-9971-6436E218AC25}.Release|Any CPU.Build.0 = Release|Any CPU
		{892DB9F7-0370-443B-9F23-1C3717452CC1}.Debug|Any CPU.ActiveCfg = Debug|Any CPU
		{892DB9F7-0370-443B-9F23-1C3717452CC1}.Debug|Any CPU.Build.0 = Debug|Any CPU
		{892DB9F7-0370-443B-9F23-1C3717452CC1}.Release|Any CPU.ActiveCfg = Release|Any CPU
		{892DB9F7-0370-443B-9F23-1C3717452CC1}.Release|Any CPU.Build.0 = Release|Any CPU
		{F19F1483-D7D8-418A-88BA-24CE48EF5A66}.Debug|Any CPU.ActiveCfg = Debug|Any CPU
		{F19F1483-D7D8-418A-88BA-24CE48EF5A66}.Debug|Any CPU.Build.0 = Debug|Any CPU
		{F19F1483-D7D8-418A-88BA-24CE48EF5A66}.Release|Any CPU.ActiveCfg = Release|Any CPU
		{F19F1483-D7D8-418A-88BA-24CE48EF5A66}.Release|Any CPU.Build.0 = Release|Any CPU
		{46F24BCB-B999-4EA8-912A-77F3E2AC51BC}.Debug|Any CPU.ActiveCfg = Debug|Any CPU
		{46F24BCB-B999-4EA8-912A-77F3E2AC51BC}.Debug|Any CPU.Build.0 = Debug|Any CPU
		{46F24BCB-B999-4EA8-912A-77F3E2AC51BC}.Release|Any CPU.ActiveCfg = Release|Any CPU
		{46F24BCB-B999-4EA8-912A-77F3E2AC51BC}.Release|Any CPU.Build.0 = Release|Any CPU
		{C7DB5072-2E75-4343-BA1F-BAD79ECE1160}.Debug|Any CPU.ActiveCfg = Debug|Any CPU
		{C7DB5072-2E75-4343-BA1F-BAD79ECE1160}.Debug|Any CPU.Build.0 = Debug|Any CPU
		{C7DB5072-2E75-4343-BA1F-BAD79ECE1160}.Release|Any CPU.ActiveCfg = Release|Any CPU
		{C7DB5072-2E75-4343-BA1F-BAD79ECE1160}.Release|Any CPU.Build.0 = Release|Any CPU
		{14C63E18-8BBB-43EB-91AF-37B4D8C39AE0}.Debug|Any CPU.ActiveCfg = Debug|Any CPU
		{14C63E18-8BBB-43EB-91AF-37B4D8C39AE0}.Debug|Any CPU.Build.0 = Debug|Any CPU
		{14C63E18-8BBB-43EB-91AF-37B4D8C39AE0}.Release|Any CPU.ActiveCfg = Release|Any CPU
		{14C63E18-8BBB-43EB-91AF-37B4D8C39AE0}.Release|Any CPU.Build.0 = Release|Any CPU
		{660CB6B0-D779-4E11-BB9B-98C347455625}.Debug|Any CPU.ActiveCfg = Debug|Any CPU
		{660CB6B0-D779-4E11-BB9B-98C347455625}.Debug|Any CPU.Build.0 = Debug|Any CPU
		{660CB6B0-D779-4E11-BB9B-98C347455625}.Release|Any CPU.ActiveCfg = Release|Any CPU
		{660CB6B0-D779-4E11-BB9B-98C347455625}.Release|Any CPU.Build.0 = Release|Any CPU
	EndGlobalSection
	GlobalSection(SolutionProperties) = preSolution
		HideSolutionNode = FALSE
	EndGlobalSection
	GlobalSection(ExtensibilityGlobals) = postSolution
		SolutionGuid = {CC12B32D-8778-41CF-AEB0-042964294891}
	EndGlobalSection
EndGlobal
