
Microsoft Visual Studio Solution File, Format Version 12.00
# Visual Studio Version 17
VisualStudioVersion = 17.2.32616.157
MinimumVisualStudioVersion = 10.0.40219.1
Project("{FAE04EC0-301F-11D3-BF4B-00C04F79EFBC}") = "1.DiagonalDifference", "1.DiagonalDifference\1.DiagonalDifference.csproj", "{73337157-32F5-4316-ACCE-B9FBB2E14ACF}"
EndProject
Project("{FAE04EC0-301F-11D3-BF4B-00C04F79EFBC}") = "2.SquaresInMatrix", "2.SquaresInMatrix\2.SquaresInMatrix.csproj", "{88B63CB5-DBD8-43E1-AC40-3B3C24484886}"
EndProject
Project("{FAE04EC0-301F-11D3-BF4B-00C04F79EFBC}") = "3.MaximalSum", "3.MaximalSum\3.MaximalSum.csproj", "{B6062F8E-D48E-4F6E-9F42-55BEED5BC6BB}"
EndProject
Global
	GlobalSection(SolutionConfigurationPlatforms) = preSolution
		Debug|Any CPU = Debug|Any CPU
		Release|Any CPU = Release|Any CPU
	EndGlobalSection
	GlobalSection(ProjectConfigurationPlatforms) = postSolution
		{73337157-32F5-4316-ACCE-B9FBB2E14ACF}.Debug|Any CPU.ActiveCfg = Debug|Any CPU
		{73337157-32F5-4316-ACCE-B9FBB2E14ACF}.Debug|Any CPU.Build.0 = Debug|Any CPU
		{73337157-32F5-4316-ACCE-B9FBB2E14ACF}.Release|Any CPU.ActiveCfg = Release|Any CPU
		{73337157-32F5-4316-ACCE-B9FBB2E14ACF}.Release|Any CPU.Build.0 = Release|Any CPU
		{88B63CB5-DBD8-43E1-AC40-3B3C24484886}.Debug|Any CPU.ActiveCfg = Debug|Any CPU
		{88B63CB5-DBD8-43E1-AC40-3B3C24484886}.Debug|Any CPU.Build.0 = Debug|Any CPU
		{88B63CB5-DBD8-43E1-AC40-3B3C24484886}.Release|Any CPU.ActiveCfg = Release|Any CPU
		{88B63CB5-DBD8-43E1-AC40-3B3C24484886}.Release|Any CPU.Build.0 = Release|Any CPU
		{B6062F8E-D48E-4F6E-9F42-55BEED5BC6BB}.Debug|Any CPU.ActiveCfg = Debug|Any CPU
		{B6062F8E-D48E-4F6E-9F42-55BEED5BC6BB}.Debug|Any CPU.Build.0 = Debug|Any CPU
		{B6062F8E-D48E-4F6E-9F42-55BEED5BC6BB}.Release|Any CPU.ActiveCfg = Release|Any CPU
		{B6062F8E-D48E-4F6E-9F42-55BEED5BC6BB}.Release|Any CPU.Build.0 = Release|Any CPU
	EndGlobalSection
	GlobalSection(SolutionProperties) = preSolution
		HideSolutionNode = FALSE
	EndGlobalSection
	GlobalSection(ExtensibilityGlobals) = postSolution
		SolutionGuid = {6E2CC6BF-3444-4F0F-A982-44EE0EB04FD4}
	EndGlobalSection
EndGlobal
