
Microsoft Visual Studio Solution File, Format Version 12.00
# Visual Studio Version 17
VisualStudioVersion = 17.2.32616.157
MinimumVisualStudioVersion = 10.0.40219.1
Project("{FAE04EC0-301F-11D3-BF4B-00C04F79EFBC}") = "01.ReadText", "01.ReadText\01.ReadText.csproj", "{84955A05-668E-4C0C-8660-4E67F0782B60}"
EndProject
Project("{FAE04EC0-301F-11D3-BF4B-00C04F79EFBC}") = "02.Password", "02.Password\02.Password.csproj", "{3E00ECD7-605C-4964-A540-3AC0C7E0BC46}"
EndProject
Project("{FAE04EC0-301F-11D3-BF4B-00C04F79EFBC}") = "03.SumNumbers", "03.SumNumbers\03.SumNumbers.csproj", "{407C41F2-081E-41C1-A244-B2E2DF26FE39}"
EndProject
Project("{FAE04EC0-301F-11D3-BF4B-00C04F79EFBC}") = "04.Sequence2k_1", "04.Sequence2k_1\04.Sequence2k_1.csproj", "{4F5BC96C-BBCD-42A8-A9BD-7D7B245624B1}"
EndProject
Project("{FAE04EC0-301F-11D3-BF4B-00C04F79EFBC}") = "05.AccountBalance", "05.AccountBalance\05.AccountBalance.csproj", "{E24848D4-AF24-440D-AB6C-57506C6E5DDE}"
EndProject
Project("{FAE04EC0-301F-11D3-BF4B-00C04F79EFBC}") = "06.MaxNumber", "06.MaxNumber\06.MaxNumber.csproj", "{F2E2DFB6-D407-4225-9816-37F3AA94CFA0}"
EndProject
Project("{FAE04EC0-301F-11D3-BF4B-00C04F79EFBC}") = "07.MinNumber", "07.MinNumber\07.MinNumber.csproj", "{E96BF77E-49F0-417D-8321-432CD3189494}"
EndProject
Project("{FAE04EC0-301F-11D3-BF4B-00C04F79EFBC}") = "08.Graduation", "08.Graduation\08.Graduation.csproj", "{A5F12BC7-B38E-4A20-A824-BC10F9637F07}"
EndProject
Global
	GlobalSection(SolutionConfigurationPlatforms) = preSolution
		Debug|Any CPU = Debug|Any CPU
		Release|Any CPU = Release|Any CPU
	EndGlobalSection
	GlobalSection(ProjectConfigurationPlatforms) = postSolution
		{84955A05-668E-4C0C-8660-4E67F0782B60}.Debug|Any CPU.ActiveCfg = Debug|Any CPU
		{84955A05-668E-4C0C-8660-4E67F0782B60}.Debug|Any CPU.Build.0 = Debug|Any CPU
		{84955A05-668E-4C0C-8660-4E67F0782B60}.Release|Any CPU.ActiveCfg = Release|Any CPU
		{84955A05-668E-4C0C-8660-4E67F0782B60}.Release|Any CPU.Build.0 = Release|Any CPU
		{3E00ECD7-605C-4964-A540-3AC0C7E0BC46}.Debug|Any CPU.ActiveCfg = Debug|Any CPU
		{3E00ECD7-605C-4964-A540-3AC0C7E0BC46}.Debug|Any CPU.Build.0 = Debug|Any CPU
		{3E00ECD7-605C-4964-A540-3AC0C7E0BC46}.Release|Any CPU.ActiveCfg = Release|Any CPU
		{3E00ECD7-605C-4964-A540-3AC0C7E0BC46}.Release|Any CPU.Build.0 = Release|Any CPU
		{407C41F2-081E-41C1-A244-B2E2DF26FE39}.Debug|Any CPU.ActiveCfg = Debug|Any CPU
		{407C41F2-081E-41C1-A244-B2E2DF26FE39}.Debug|Any CPU.Build.0 = Debug|Any CPU
		{407C41F2-081E-41C1-A244-B2E2DF26FE39}.Release|Any CPU.ActiveCfg = Release|Any CPU
		{407C41F2-081E-41C1-A244-B2E2DF26FE39}.Release|Any CPU.Build.0 = Release|Any CPU
		{4F5BC96C-BBCD-42A8-A9BD-7D7B245624B1}.Debug|Any CPU.ActiveCfg = Debug|Any CPU
		{4F5BC96C-BBCD-42A8-A9BD-7D7B245624B1}.Debug|Any CPU.Build.0 = Debug|Any CPU
		{4F5BC96C-BBCD-42A8-A9BD-7D7B245624B1}.Release|Any CPU.ActiveCfg = Release|Any CPU
		{4F5BC96C-BBCD-42A8-A9BD-7D7B245624B1}.Release|Any CPU.Build.0 = Release|Any CPU
		{E24848D4-AF24-440D-AB6C-57506C6E5DDE}.Debug|Any CPU.ActiveCfg = Debug|Any CPU
		{E24848D4-AF24-440D-AB6C-57506C6E5DDE}.Debug|Any CPU.Build.0 = Debug|Any CPU
		{E24848D4-AF24-440D-AB6C-57506C6E5DDE}.Release|Any CPU.ActiveCfg = Release|Any CPU
		{E24848D4-AF24-440D-AB6C-57506C6E5DDE}.Release|Any CPU.Build.0 = Release|Any CPU
		{F2E2DFB6-D407-4225-9816-37F3AA94CFA0}.Debug|Any CPU.ActiveCfg = Debug|Any CPU
		{F2E2DFB6-D407-4225-9816-37F3AA94CFA0}.Debug|Any CPU.Build.0 = Debug|Any CPU
		{F2E2DFB6-D407-4225-9816-37F3AA94CFA0}.Release|Any CPU.ActiveCfg = Release|Any CPU
		{F2E2DFB6-D407-4225-9816-37F3AA94CFA0}.Release|Any CPU.Build.0 = Release|Any CPU
		{E96BF77E-49F0-417D-8321-432CD3189494}.Debug|Any CPU.ActiveCfg = Debug|Any CPU
		{E96BF77E-49F0-417D-8321-432CD3189494}.Debug|Any CPU.Build.0 = Debug|Any CPU
		{E96BF77E-49F0-417D-8321-432CD3189494}.Release|Any CPU.ActiveCfg = Release|Any CPU
		{E96BF77E-49F0-417D-8321-432CD3189494}.Release|Any CPU.Build.0 = Release|Any CPU
		{A5F12BC7-B38E-4A20-A824-BC10F9637F07}.Debug|Any CPU.ActiveCfg = Debug|Any CPU
		{A5F12BC7-B38E-4A20-A824-BC10F9637F07}.Debug|Any CPU.Build.0 = Debug|Any CPU
		{A5F12BC7-B38E-4A20-A824-BC10F9637F07}.Release|Any CPU.ActiveCfg = Release|Any CPU
		{A5F12BC7-B38E-4A20-A824-BC10F9637F07}.Release|Any CPU.Build.0 = Release|Any CPU
	EndGlobalSection
	GlobalSection(SolutionProperties) = preSolution
		HideSolutionNode = FALSE
	EndGlobalSection
	GlobalSection(ExtensibilityGlobals) = postSolution
		SolutionGuid = {970CBF55-A5FA-4661-8CB4-C343AA687D1C}
	EndGlobalSection
EndGlobal
